
Microsoft Visual Studio Solution File, Format Version 12.00
# Visual Studio Version 17
VisualStudioVersion = 17.9.34902.65
MinimumVisualStudioVersion = 10.0.40219.1
Project("{FAE04EC0-301F-11D3-BF4B-00C04F79EFBC}") = "SaveFileMonitor", "SaveFileMonitor\SaveFileMonitor.csproj", "{36BF06A0-CBBB-4C3B-BBEF-60EB8C7E0E41}"
EndProject
Global
	GlobalSection(SolutionConfigurationPlatforms) = preSolution
		Debug|Any CPU = Debug|Any CPU
		Release|Any CPU = Release|Any CPU
	EndGlobalSection
	GlobalSection(ProjectConfigurationPlatforms) = postSolution
		{36BF06A0-CBBB-4C3B-BBEF-60EB8C7E0E41}.Debug|Any CPU.ActiveCfg = Debug|Any CPU
		{36BF06A0-CBBB-4C3B-BBEF-60EB8C7E0E41}.Debug|Any CPU.Build.0 = Debug|Any CPU
		{36BF06A0-CBBB-4C3B-BBEF-60EB8C7E0E41}.Release|Any CPU.ActiveCfg = Release|Any CPU
		{36BF06A0-CBBB-4C3B-BBEF-60EB8C7E0E41}.Release|Any CPU.Build.0 = Release|Any CPU
	EndGlobalSection
	GlobalSection(SolutionProperties) = preSolution
		HideSolutionNode = FALSE
	EndGlobalSection
	GlobalSection(ExtensibilityGlobals) = postSolution
		SolutionGuid = {C1FE9402-1AD6-44FE-B599-88DC82D1405F}
	EndGlobalSection
EndGlobal
